
Microsoft Visual Studio Solution File, Format Version 12.00
# Visual Studio Version 16
VisualStudioVersion = 16.0.30907.101
MinimumVisualStudioVersion = 10.0.40219.1
Project("{FAE04EC0-301F-11D3-BF4B-00C04F79EFBC}") = "ExceptionLib", "ExceptionLib.csproj", "{EEA78690-1392-4969-A985-33E7668A2F7F}"
EndProject
Global
	GlobalSection(SolutionConfigurationPlatforms) = preSolution
		Debug|Any CPU = Debug|Any CPU
		Release|Any CPU = Release|Any CPU
	EndGlobalSection
	GlobalSection(ProjectConfigurationPlatforms) = postSolution
		{EEA78690-1392-4969-A985-33E7668A2F7F}.Debug|Any CPU.ActiveCfg = Debug|Any CPU
		{EEA78690-1392-4969-A985-33E7668A2F7F}.Debug|Any CPU.Build.0 = Debug|Any CPU
		{EEA78690-1392-4969-A985-33E7668A2F7F}.Release|Any CPU.ActiveCfg = Release|Any CPU
		{EEA78690-1392-4969-A985-33E7668A2F7F}.Release|Any CPU.Build.0 = Release|Any CPU
	EndGlobalSection
	GlobalSection(SolutionProperties) = preSolution
		HideSolutionNode = FALSE
	EndGlobalSection
	GlobalSection(ExtensibilityGlobals) = postSolution
		SolutionGuid = {9AACA664-D077-4724-9A8F-A480BC68D743}
	EndGlobalSection
EndGlobal
